
Microsoft Visual Studio Solution File, Format Version 12.00
# Visual Studio Version 17
VisualStudioVersion = 17.6.33723.286
MinimumVisualStudioVersion = 10.0.40219.1
Project("{8BC9CEB8-8B4A-11D0-8D11-00A0C91BC942}") = "practice-5", "practice-5\practice-5.vcxproj", "{8F3D2847-9435-471D-950B-4A4FBCA08A50}"
EndProject
Global
	GlobalSection(SolutionConfigurationPlatforms) = preSolution
		Debug|x64 = Debug|x64
		Debug|x86 = Debug|x86
		Release|x64 = Release|x64
		Release|x86 = Release|x86
	EndGlobalSection
	GlobalSection(ProjectConfigurationPlatforms) = postSolution
		{8F3D2847-9435-471D-950B-4A4FBCA08A50}.Debug|x64.ActiveCfg = Debug|x64
		{8F3D2847-9435-471D-950B-4A4FBCA08A50}.Debug|x64.Build.0 = Debug|x64
		{8F3D2847-9435-471D-950B-4A4FBCA08A50}.Debug|x86.ActiveCfg = Debug|Win32
		{8F3D2847-9435-471D-950B-4A4FBCA08A50}.Debug|x86.Build.0 = Debug|Win32
		{8F3D2847-9435-471D-950B-4A4FBCA08A50}.Release|x64.ActiveCfg = Release|x64
		{8F3D2847-9435-471D-950B-4A4FBCA08A50}.Release|x64.Build.0 = Release|x64
		{8F3D2847-9435-471D-950B-4A4FBCA08A50}.Release|x86.ActiveCfg = Release|Win32
		{8F3D2847-9435-471D-950B-4A4FBCA08A50}.Release|x86.Build.0 = Release|Win32
	EndGlobalSection
	GlobalSection(SolutionProperties) = preSolution
		HideSolutionNode = FALSE
	EndGlobalSection
	GlobalSection(ExtensibilityGlobals) = postSolution
		SolutionGuid = {AAD05F24-2079-4380-BA25-53FD8A497AD3}
	EndGlobalSection
EndGlobal
